// !$*UTF8*$!
{
	archiveVersion = 1;
	classes = {
	};
	objectVersion = 56;
	objects = {

/* Begin PBXBuildFile section */
		889BE7672BD28AE700F5E49A /* ToDoList2App.swift in Sources */ = {isa = PBXBuildFile; fileRef = 889BE7662BD28AE700F5E49A /* ToDoList2App.swift */; };
		889BE7692BD28AE700F5E49A /* ContentView.swift in Sources */ = {isa = PBXBuildFile; fileRef = 889BE7682BD28AE700F5E49A /* ContentView.swift */; };
		889BE76B2BD28AE800F5E49A /* Assets.xcassets in Resources */ = {isa = PBXBuildFile; fileRef = 889BE76A2BD28AE800F5E49A /* Assets.xcassets */; };
		889BE76E2BD28AE800F5E49A /* Preview Assets.xcassets in Resources */ = {isa = PBXBuildFile; fileRef = 889BE76D2BD28AE800F5E49A /* Preview Assets.xcassets */; };
		889BE7782BD28AE900F5E49A /* ToDoList2Tests.swift in Sources */ = {isa = PBXBuildFile; fileRef = 889BE7772BD28AE900F5E49A /* ToDoList2Tests.swift */; };
		889BE7822BD28AE900F5E49A /* ToDoList2UITests.swift in Sources */ = {isa = PBXBuildFile; fileRef = 889BE7812BD28AE900F5E49A /* ToDoList2UITests.swift */; };
		889BE7842BD28AE900F5E49A /* ToDoList2UITestsLaunchTests.swift in Sources */ = {isa = PBXBuildFile; fileRef = 889BE7832BD28AE900F5E49A /* ToDoList2UITestsLaunchTests.swift */; };
		889BE7CA2BD28C9100F5E49A /* DataModel.xcdatamodeld in Sources */ = {isa = PBXBuildFile; fileRef = 889BE7C82BD28C9100F5E49A /* DataModel.xcdatamodeld */; };
		889BE7CC2BD28DB800F5E49A /* DataManager.swift in Sources */ = {isa = PBXBuildFile; fileRef = 889BE7CB2BD28DB800F5E49A /* DataManager.swift */; };
/* End PBXBuildFile section */

/* Begin PBXContainerItemProxy section */
		889BE7742BD28AE900F5E49A /* PBXContainerItemProxy */ = {
			isa = PBXContainerItemProxy;
			containerPortal = 889BE75B2BD28AE700F5E49A /* Project object */;
			proxyType = 1;
			remoteGlobalIDString = 889BE7622BD28AE700F5E49A;
			remoteInfo = ToDoList2;
		};
		889BE77E2BD28AE900F5E49A /* PBXContainerItemProxy */ = {
			isa = PBXContainerItemProxy;
			containerPortal = 889BE75B2BD28AE700F5E49A /* Project object */;
			proxyType = 1;
			remoteGlobalIDString = 889BE7622BD28AE700F5E49A;
			remoteInfo = ToDoList2;
		};
/* End PBXContainerItemProxy section */

/* Begin PBXFileReference section */
		889BE7632BD28AE700F5E49A /* ToDoList2.app */ = {isa = PBXFileReference; explicitFileType = wrapper.application; includeInIndex = 0; path = ToDoList2.app; sourceTree = BUILT_PRODUCTS_DIR; };
		889BE7662BD28AE700F5E49A /* ToDoList2App.swift */ = {isa = PBXFileReference; lastKnownFileType = sourcecode.swift; path = ToDoList2App.swift; sourceTree = "<group>"; };
		889BE7682BD28AE700F5E49A /* ContentView.swift */ = {isa = PBXFileReference; lastKnownFileType = sourcecode.swift; path = ContentView.swift; sourceTree = "<group>"; };
		889BE76A2BD28AE800F5E49A /* Assets.xcassets */ = {isa = PBXFileReference; lastKnownFileType = folder.assetcatalog; path = Assets.xcassets; sourceTree = "<group>"; };
		889BE76D2BD28AE800F5E49A /* Preview Assets.xcassets */ = {isa = PBXFileReference; lastKnownFileType = folder.assetcatalog; path = "Preview Assets.xcassets"; sourceTree = "<group>"; };
		889BE7732BD28AE900F5E49A /* ToDoList2Tests.xctest */ = {isa = PBXFileReference; explicitFileType = wrapper.cfbundle; includeInIndex = 0; path = ToDoList2Tests.xctest; sourceTree = BUILT_PRODUCTS_DIR; };
		889BE7772BD28AE900F5E49A /* ToDoList2Tests.swift */ = {isa = PBXFileReference; lastKnownFileType = sourcecode.swift; path = ToDoList2Tests.swift; sourceTree = "<group>"; };
		889BE77D2BD28AE900F5E49A /* ToDoList2UITests.xctest */ = {isa = PBXFileReference; explicitFileType = wrapper.cfbundle; includeInIndex = 0; path = ToDoList2UITests.xctest; sourceTree = BUILT_PRODUCTS_DIR; };
		889BE7812BD28AE900F5E49A /* ToDoList2UITests.swift */ = {isa = PBXFileReference; lastKnownFileType = sourcecode.swift; path = ToDoList2UITests.swift; sourceTree = "<group>"; };
		889BE7832BD28AE900F5E49A /* ToDoList2UITestsLaunchTests.swift */ = {isa = PBXFileReference; lastKnownFileType = sourcecode.swift; path = ToDoList2UITestsLaunchTests.swift; sourceTree = "<group>"; };
		889BE7C92BD28C9100F5E49A /* DataModel.xcdatamodel */ = {isa = PBXFileReference; lastKnownFileType = wrapper.xcdatamodel; path = DataModel.xcdatamodel; sourceTree = "<group>"; };
		889BE7CB2BD28DB800F5E49A /* DataManager.swift */ = {isa = PBXFileReference; lastKnownFileType = sourcecode.swift; path = DataManager.swift; sourceTree = "<group>"; };
/* End PBXFileReference section */

/* Begin PBXFrameworksBuildPhase section */
		889BE7602BD28AE700F5E49A /* Frameworks */ = {
			isa = PBXFrameworksBuildPhase;
			buildActionMask = 2147483647;
			files = (
			);
			runOnlyForDeploymentPostprocessing = 0;
		};
		889BE7702BD28AE900F5E49A /* Frameworks */ = {
			isa = PBXFrameworksBuildPhase;
			buildActionMask = 2147483647;
			files = (
			);
			runOnlyForDeploymentPostprocessing = 0;
		};
		889BE77A2BD28AE900F5E49A /* Frameworks */ = {
			isa = PBXFrameworksBuildPhase;
			buildActionMask = 2147483647;
			files = (
			);
			runOnlyForDeploymentPostprocessing = 0;
		};
/* End PBXFrameworksBuildPhase section */

/* Begin PBXGroup section */
		889BE75A2BD28AE700F5E49A = {
			isa = PBXGroup;
			children = (
				889BE7652BD28AE700F5E49A /* ToDoList2 */,
				889BE7762BD28AE900F5E49A /* ToDoList2Tests */,
				889BE7802BD28AE900F5E49A /* ToDoList2UITests */,
				889BE7642BD28AE700F5E49A /* Products */,
			);
			sourceTree = "<group>";
		};
		889BE7642BD28AE700F5E49A /* Products */ = {
			isa = PBXGroup;
			children = (
				889BE7632BD28AE700F5E49A /* ToDoList2.app */,
				889BE7732BD28AE900F5E49A /* ToDoList2Tests.xctest */,
				889BE77D2BD28AE900F5E49A /* ToDoList2UITests.xctest */,
			);
			name = Products;
			sourceTree = "<group>";
		};
		889BE7652BD28AE700F5E49A /* ToDoList2 */ = {
			isa = PBXGroup;
			children = (
				889BE7662BD28AE700F5E49A /* ToDoList2App.swift */,
				889BE7682BD28AE700F5E49A /* ContentView.swift */,
				889BE76A2BD28AE800F5E49A /* Assets.xcassets */,
				889BE76C2BD28AE800F5E49A /* Preview Content */,
				889BE7C82BD28C9100F5E49A /* DataModel.xcdatamodeld */,
				889BE7CB2BD28DB800F5E49A /* DataManager.swift */,
			);
			path = ToDoList2;
			sourceTree = "<group>";
		};
		889BE76C2BD28AE800F5E49A /* Preview Content */ = {
			isa = PBXGroup;
			children = (
				889BE76D2BD28AE800F5E49A /* Preview Assets.xcassets */,
			);
			path = "Preview Content";
			sourceTree = "<group>";
		};
		889BE7762BD28AE900F5E49A /* ToDoList2Tests */ = {
			isa = PBXGroup;
			children = (
				889BE7772BD28AE900F5E49A /* ToDoList2Tests.swift */,
			);
			path = ToDoList2Tests;
			sourceTree = "<group>";
		};
		889BE7802BD28AE900F5E49A /* ToDoList2UITests */ = {
			isa = PBXGroup;
			children = (
				889BE7812BD28AE900F5E49A /* ToDoList2UITests.swift */,
				889BE7832BD28AE900F5E49A /* ToDoList2UITestsLaunchTests.swift */,
			);
			path = ToDoList2UITests;
			sourceTree = "<group>";
		};
/* End PBXGroup section */

/* Begin PBXNativeTarget section */
		889BE7622BD28AE700F5E49A /* ToDoList2 */ = {
			isa = PBXNativeTarget;
			buildConfigurationList = 889BE7872BD28AE900F5E49A /* Build configuration list for PBXNativeTarget "ToDoList2" */;
			buildPhases = (
				889BE75F2BD28AE700F5E49A /* Sources */,
				889BE7602BD28AE700F5E49A /* Frameworks */,
				889BE7612BD28AE700F5E49A /* Resources */,
			);
			buildRules = (
			);
			dependencies = (
			);
			name = ToDoList2;
			productName = ToDoList2;
			productReference = 889BE7632BD28AE700F5E49A /* ToDoList2.app */;
			productType = "com.apple.product-type.application";
		};
		889BE7722BD28AE900F5E49A /* ToDoList2Tests */ = {
			isa = PBXNativeTarget;
			buildConfigurationList = 889BE78A2BD28AE900F5E49A /* Build configuration list for PBXNativeTarget "ToDoList2Tests" */;
			buildPhases = (
				889BE76F2BD28AE900F5E49A /* Sources */,
				889BE7702BD28AE900F5E49A /* Frameworks */,
				889BE7712BD28AE900F5E49A /* Resources */,
			);
			buildRules = (
			);
			dependencies = (
				889BE7752BD28AE900F5E49A /* PBXTargetDependency */,
			);
			name = ToDoList2Tests;
			productName = ToDoList2Tests;
			productReference = 889BE7732BD28AE900F5E49A /* ToDoList2Tests.xctest */;
			productType = "com.apple.product-type.bundle.unit-test";
		};
		889BE77C2BD28AE900F5E49A /* ToDoList2UITests */ = {
			isa = PBXNativeTarget;
			buildConfigurationList = 889BE78D2BD28AE900F5E49A /* Build configuration list for PBXNativeTarget "ToDoList2UITests" */;
			buildPhases = (
				889BE7792BD28AE900F5E49A /* Sources */,
				889BE77A2BD28AE900F5E49A /* Frameworks */,
				889BE77B2BD28AE900F5E49A /* Resources */,
			);
			buildRules = (
			);
			dependencies = (
				889BE77F2BD28AE900F5E49A /* PBXTargetDependency */,
			);
			name = ToDoList2UITests;
			productName = ToDoList2UITests;
			productReference = 889BE77D2BD28AE900F5E49A /* ToDoList2UITests.xctest */;
			productType = "com.apple.product-type.bundle.ui-testing";
		};
/* End PBXNativeTarget section */

/* Begin PBXProject section */
		889BE75B2BD28AE700F5E49A /* Project object */ = {
			isa = PBXProject;
			attributes = {
				BuildIndependentTargetsInParallel = 1;
				LastSwiftUpdateCheck = 1530;
				LastUpgradeCheck = 1530;
				TargetAttributes = {
					889BE7622BD28AE700F5E49A = {
						CreatedOnToolsVersion = 15.3;
					};
					889BE7722BD28AE900F5E49A = {
						CreatedOnToolsVersion = 15.3;
						TestTargetID = 889BE7622BD28AE700F5E49A;
					};
					889BE77C2BD28AE900F5E49A = {
						CreatedOnToolsVersion = 15.3;
						TestTargetID = 889BE7622BD28AE700F5E49A;
					};
				};
			};
			buildConfigurationList = 889BE75E2BD28AE700F5E49A /* Build configuration list for PBXProject "ToDoList2" */;
			compatibilityVersion = "Xcode 14.0";
			developmentRegion = en;
			hasScannedForEncodings = 0;
			knownRegions = (
				en,
				Base,
			);
			mainGroup = 889BE75A2BD28AE700F5E49A;
			productRefGroup = 889BE7642BD28AE700F5E49A /* Products */;
			projectDirPath = "";
			projectRoot = "";
			targets = (
				889BE7622BD28AE700F5E49A /* ToDoList2 */,
				889BE7722BD28AE900F5E49A /* ToDoList2Tests */,
				889BE77C2BD28AE900F5E49A /* ToDoList2UITests */,
			);
		};
/* End PBXProject section */

/* Begin PBXResourcesBuildPhase section */
		889BE7612BD28AE700F5E49A /* Resources */ = {
			isa = PBXResourcesBuildPhase;
			buildActionMask = 2147483647;
			files = (
				889BE76E2BD28AE800F5E49A /* Preview Assets.xcassets in Resources */,
				889BE76B2BD28AE800F5E49A /* Assets.xcassets in Resources */,
			);
			runOnlyForDeploymentPostprocessing = 0;
		};
		889BE7712BD28AE900F5E49A /* Resources */ = {
			isa = PBXResourcesBuildPhase;
			buildActionMask = 2147483647;
			files = (
			);
			runOnlyForDeploymentPostprocessing = 0;
		};
		889BE77B2BD28AE900F5E49A /* Resources */ = {
			isa = PBXResourcesBuildPhase;
			buildActionMask = 2147483647;
			files = (
			);
			runOnlyForDeploymentPostprocessing = 0;
		};
/* End PBXResourcesBuildPhase section */

/* Begin PBXSourcesBuildPhase section */
		889BE75F2BD28AE700F5E49A /* Sources */ = {
			isa = PBXSourcesBuildPhase;
			buildActionMask = 2147483647;
			files = (
				889BE7CA2BD28C9100F5E49A /* DataModel.xcdatamodeld in Sources */,
				889BE7CC2BD28DB800F5E49A /* DataManager.swift in Sources */,
				889BE7692BD28AE700F5E49A /* ContentView.swift in Sources */,
				889BE7672BD28AE700F5E49A /* ToDoList2App.swift in Sources */,
			);
			runOnlyForDeploymentPostprocessing = 0;
		};
		889BE76F2BD28AE900F5E49A /* Sources */ = {
			isa = PBXSourcesBuildPhase;
			buildActionMask = 2147483647;
			files = (
				889BE7782BD28AE900F5E49A /* ToDoList2Tests.swift in Sources */,
			);
			runOnlyForDeploymentPostprocessing = 0;
		};
		889BE7792BD28AE900F5E49A /* Sources */ = {
			isa = PBXSourcesBuildPhase;
			buildActionMask = 2147483647;
			files = (
				889BE7822BD28AE900F5E49A /* ToDoList2UITests.swift in Sources */,
				889BE7842BD28AE900F5E49A /* ToDoList2UITestsLaunchTests.swift in Sources */,
			);
			runOnlyForDeploymentPostprocessing = 0;
		};
/* End PBXSourcesBuildPhase section */

/* Begin PBXTargetDependency section */
		889BE7752BD28AE900F5E49A /* PBXTargetDependency */ = {
			isa = PBXTargetDependency;
			target = 889BE7622BD28AE700F5E49A /* ToDoList2 */;
			targetProxy = 889BE7742BD28AE900F5E49A /* PBXContainerItemProxy */;
		};
		889BE77F2BD28AE900F5E49A /* PBXTargetDependency */ = {
			isa = PBXTargetDependency;
			target = 889BE7622BD28AE700F5E49A /* ToDoList2 */;
			targetProxy = 889BE77E2BD28AE900F5E49A /* PBXContainerItemProxy */;
		};
/* End PBXTargetDependency section */

/* Begin XCBuildConfiguration section */
		889BE7852BD28AE900F5E49A /* Debug */ = {
			isa = XCBuildConfiguration;
			buildSettings = {
				ALWAYS_SEARCH_USER_PATHS = NO;
				ASSETCATALOG_COMPILER_GENERATE_SWIFT_ASSET_SYMBOL_EXTENSIONS = YES;
				CLANG_ANALYZER_NONNULL = YES;
				CLANG_ANALYZER_NUMBER_OBJECT_CONVERSION = YES_AGGRESSIVE;
				CLANG_CXX_LANGUAGE_STANDARD = "gnu++20";
				CLANG_ENABLE_MODULES = YES;
				CLANG_ENABLE_OBJC_ARC = YES;
				CLANG_ENABLE_OBJC_WEAK = YES;
				CLANG_WARN_BLOCK_CAPTURE_AUTORELEASING = YES;
				CLANG_WARN_BOOL_CONVERSION = YES;
				CLANG_WARN_COMMA = YES;
				CLANG_WARN_CONSTANT_CONVERSION = YES;
				CLANG_WARN_DEPRECATED_OBJC_IMPLEMENTATIONS = YES;
				CLANG_WARN_DIRECT_OBJC_ISA_USAGE = YES_ERROR;
				CLANG_WARN_DOCUMENTATION_COMMENTS = YES;
				CLANG_WARN_EMPTY_BODY = YES;
				CLANG_WARN_ENUM_CONVERSION = YES;
				CLANG_WARN_INFINITE_RECURSION = YES;
				CLANG_WARN_INT_CONVERSION = YES;
				CLANG_WARN_NON_LITERAL_NULL_CONVERSION = YES;
				CLANG_WARN_OBJC_IMPLICIT_RETAIN_SELF = YES;
				CLANG_WARN_OBJC_LITERAL_CONVERSION = YES;
				CLANG_WARN_OBJC_ROOT_CLASS = YES_ERROR;
				CLANG_WARN_QUOTED_INCLUDE_IN_FRAMEWORK_HEADER = YES;
				CLANG_WARN_RANGE_LOOP_ANALYSIS = YES;
				CLANG_WARN_STRICT_PROTOTYPES = YES;
				CLANG_WARN_SUSPICIOUS_MOVE = YES;
				CLANG_WARN_UNGUARDED_AVAILABILITY = YES_AGGRESSIVE;
				CLANG_WARN_UNREACHABLE_CODE = YES;
				CLANG_WARN__DUPLICATE_METHOD_MATCH = YES;
				COPY_PHASE_STRIP = NO;
				DEBUG_INFORMATION_FORMAT = dwarf;
				ENABLE_STRICT_OBJC_MSGSEND = YES;
				ENABLE_TESTABILITY = YES;
				ENABLE_USER_SCRIPT_SANDBOXING = YES;
				GCC_C_LANGUAGE_STANDARD = gnu17;
				GCC_DYNAMIC_NO_PIC = NO;
				GCC_NO_COMMON_BLOCKS = YES;
				GCC_OPTIMIZATION_LEVEL = 0;
				GCC_PREPROCESSOR_DEFINITIONS = (
					"DEBUG=1",
					"$(inherited)",
				);
				GCC_WARN_64_TO_32_BIT_CONVERSION = YES;
				GCC_WARN_ABOUT_RETURN_TYPE = YES_ERROR;
				GCC_WARN_UNDECLARED_SELECTOR = YES;
				GCC_WARN_UNINITIALIZED_AUTOS = YES_AGGRESSIVE;
				GCC_WARN_UNUSED_FUNCTION = YES;
				GCC_WARN_UNUSED_VARIABLE = YES;
				IPHONEOS_DEPLOYMENT_TARGET = 17.4;
				LOCALIZATION_PREFERS_STRING_CATALOGS = YES;
				MTL_ENABLE_DEBUG_INFO = INCLUDE_SOURCE;
				MTL_FAST_MATH = YES;
				ONLY_ACTIVE_ARCH = YES;
				SDKROOT = iphoneos;
				SWIFT_ACTIVE_COMPILATION_CONDITIONS = "DEBUG $(inherited)";
				SWIFT_OPTIMIZATION_LEVEL = "-Onone";
			};
			name = Debug;
		};
		889BE7862BD28AE900F5E49A /* Release */ = {
			isa = XCBuildConfiguration;
			buildSettings = {
				ALWAYS_SEARCH_USER_PATHS = NO;
				ASSETCATALOG_COMPILER_GENERATE_SWIFT_ASSET_SYMBOL_EXTENSIONS = YES;
				CLANG_ANALYZER_NONNULL = YES;
				CLANG_ANALYZER_NUMBER_OBJECT_CONVERSION = YES_AGGRESSIVE;
				CLANG_CXX_LANGUAGE_STANDARD = "gnu++20";
				CLANG_ENABLE_MODULES = YES;
				CLANG_ENABLE_OBJC_ARC = YES;
				CLANG_ENABLE_OBJC_WEAK = YES;
				CLANG_WARN_BLOCK_CAPTURE_AUTORELEASING = YES;
				CLANG_WARN_BOOL_CONVERSION = YES;
				CLANG_WARN_COMMA = YES;
				CLANG_WARN_CONSTANT_CONVERSION = YES;
				CLANG_WARN_DEPRECATED_OBJC_IMPLEMENTATIONS = YES;
				CLANG_WARN_DIRECT_OBJC_ISA_USAGE = YES_ERROR;
				CLANG_WARN_DOCUMENTATION_COMMENTS = YES;
				CLANG_WARN_EMPTY_BODY = YES;
				CLANG_WARN_ENUM_CONVERSION = YES;
				CLANG_WARN_INFINITE_RECURSION = YES;
				CLANG_WARN_INT_CONVERSION = YES;
				CLANG_WARN_NON_LITERAL_NULL_CONVERSION = YES;
				CLANG_WARN_OBJC_IMPLICIT_RETAIN_SELF = YES;
				CLANG_WARN_OBJC_LITERAL_CONVERSION = YES;
				CLANG_WARN_OBJC_ROOT_CLASS = YES_ERROR;
				CLANG_WARN_QUOTED_INCLUDE_IN_FRAMEWORK_HEADER = YES;
				CLANG_WARN_RANGE_LOOP_ANALYSIS = YES;
				CLANG_WARN_STRICT_PROTOTYPES = YES;
				CLANG_WARN_SUSPICIOUS_MOVE = YES;
				CLANG_WARN_UNGUARDED_AVAILABILITY = YES_AGGRESSIVE;
				CLANG_WARN_UNREACHABLE_CODE = YES;
				CLANG_WARN__DUPLICATE_METHOD_MATCH = YES;
				COPY_PHASE_STRIP = NO;
				DEBUG_INFORMATION_FORMAT = "dwarf-with-dsym";
				ENABLE_NS_ASSERTIONS = NO;
				ENABLE_STRICT_OBJC_MSGSEND = YES;
				ENABLE_USER_SCRIPT_SANDBOXING = YES;
				GCC_C_LANGUAGE_STANDARD = gnu17;
				GCC_NO_COMMON_BLOCKS = YES;
				GCC_WARN_64_TO_32_BIT_CONVERSION = YES;
				GCC_WARN_ABOUT_RETURN_TYPE = YES_ERROR;
				GCC_WARN_UNDECLARED_SELECTOR = YES;
				GCC_WARN_UNINITIALIZED_AUTOS = YES_AGGRESSIVE;
				GCC_WARN_UNUSED_FUNCTION = YES;
				GCC_WARN_UNUSED_VARIABLE = YES;
				IPHONEOS_DEPLOYMENT_TARGET = 17.4;
				LOCALIZATION_PREFERS_STRING_CATALOGS = YES;
				MTL_ENABLE_DEBUG_INFO = NO;
				MTL_FAST_MATH = YES;
				SDKROOT = iphoneos;
				SWIFT_COMPILATION_MODE = wholemodule;
				VALIDATE_PRODUCT = YES;
			};
			name = Release;
		};
		889BE7882BD28AE900F5E49A /* Debug */ = {
			isa = XCBuildConfiguration;
			buildSettings = {
				ASSETCATALOG_COMPILER_APPICON_NAME = AppIcon;
				ASSETCATALOG_COMPILER_GLOBAL_ACCENT_COLOR_NAME = AccentColor;
				CODE_SIGN_STYLE = Automatic;
				CURRENT_PROJECT_VERSION = 1;
				DEVELOPMENT_ASSET_PATHS = "\"ToDoList2/Preview Content\"";
				ENABLE_PREVIEWS = YES;
				GENERATE_INFOPLIST_FILE = YES;
				INFOPLIST_KEY_UIApplicationSceneManifest_Generation = YES;
				INFOPLIST_KEY_UIApplicationSupportsIndirectInputEvents = YES;
				INFOPLIST_KEY_UILaunchScreen_Generation = YES;
				INFOPLIST_KEY_UISupportedInterfaceOrientations_iPad = "UIInterfaceOrientationPortrait UIInterfaceOrientationPortraitUpsideDown UIInterfaceOrientationLandscapeLeft UIInterfaceOrientationLandscapeRight";
				INFOPLIST_KEY_UISupportedInterfaceOrientations_iPhone = "UIInterfaceOrientationPortrait UIInterfaceOrientationLandscapeLeft UIInterfaceOrientationLandscapeRight";
				LD_RUNPATH_SEARCH_PATHS = (
					"$(inherited)",
					"@executable_path/Frameworks",
				);
				MARKETING_VERSION = 1.0;
				PRODUCT_BUNDLE_IDENTIFIER = iOS.ToDoList2;
				PRODUCT_NAME = "$(TARGET_NAME)";
				SWIFT_EMIT_LOC_STRINGS = YES;
				SWIFT_VERSION = 5.0;
				TARGETED_DEVICE_FAMILY = "1,2";
			};
			name = Debug;
		};
		889BE7892BD28AE900F5E49A /* Release */ = {
			isa = XCBuildConfiguration;
			buildSettings = {
				ASSETCATALOG_COMPILER_APPICON_NAME = AppIcon;
				ASSETCATALOG_COMPILER_GLOBAL_ACCENT_COLOR_NAME = AccentColor;
				CODE_SIGN_STYLE = Automatic;
				CURRENT_PROJECT_VERSION = 1;
				DEVELOPMENT_ASSET_PATHS = "\"ToDoList2/Preview Content\"";
				ENABLE_PREVIEWS = YES;
				GENERATE_INFOPLIST_FILE = YES;
				INFOPLIST_KEY_UIApplicationSceneManifest_Generation = YES;
				INFOPLIST_KEY_UIApplicationSupportsIndirectInputEvents = YES;
				INFOPLIST_KEY_UILaunchScreen_Generation = YES;
				INFOPLIST_KEY_UISupportedInterfaceOrientations_iPad = "UIInterfaceOrientationPortrait UIInterfaceOrientationPortraitUpsideDown UIInterfaceOrientationLandscapeLeft UIInterfaceOrientationLandscapeRight";
				INFOPLIST_KEY_UISupportedInterfaceOrientations_iPhone = "UIInterfaceOrientationPortrait UIInterfaceOrientationLandscapeLeft UIInterfaceOrientationLandscapeRight";
				LD_RUNPATH_SEARCH_PATHS = (
					"$(inherited)",
					"@executable_path/Frameworks",
				);
				MARKETING_VERSION = 1.0;
				PRODUCT_BUNDLE_IDENTIFIER = iOS.ToDoList2;
				PRODUCT_NAME = "$(TARGET_NAME)";
				SWIFT_EMIT_LOC_STRINGS = YES;
				SWIFT_VERSION = 5.0;
				TARGETED_DEVICE_FAMILY = "1,2";
			};
			name = Release;
		};
		889BE78B2BD28AE900F5E49A /* Debug */ = {
			isa = XCBuildConfiguration;
			buildSettings = {
				ALWAYS_EMBED_SWIFT_STANDARD_LIBRARIES = YES;
				BUNDLE_LOADER = "$(TEST_HOST)";
				CODE_SIGN_STYLE = Automatic;
				CURRENT_PROJECT_VERSION = 1;
				GENERATE_INFOPLIST_FILE = YES;
				IPHONEOS_DEPLOYMENT_TARGET = 17.4;
				MARKETING_VERSION = 1.0;
				PRODUCT_BUNDLE_IDENTIFIER = iOS.ToDoList2Tests;
				PRODUCT_NAME = "$(TARGET_NAME)";
				SWIFT_EMIT_LOC_STRINGS = NO;
				SWIFT_VERSION = 5.0;
				TARGETED_DEVICE_FAMILY = "1,2";
				TEST_HOST = "$(BUILT_PRODUCTS_DIR)/ToDoList2.app/$(BUNDLE_EXECUTABLE_FOLDER_PATH)/ToDoList2";
			};
			name = Debug;
		};
		889BE78C2BD28AE900F5E49A /* Release */ = {
			isa = XCBuildConfiguration;
			buildSettings = {
				ALWAYS_EMBED_SWIFT_STANDARD_LIBRARIES = YES;
				BUNDLE_LOADER = "$(TEST_HOST)";
				CODE_SIGN_STYLE = Automatic;
				CURRENT_PROJECT_VERSION = 1;
				GENERATE_INFOPLIST_FILE = YES;
				IPHONEOS_DEPLOYMENT_TARGET = 17.4;
				MARKETING_VERSION = 1.0;
				PRODUCT_BUNDLE_IDENTIFIER = iOS.ToDoList2Tests;
				PRODUCT_NAME = "$(TARGET_NAME)";
				SWIFT_EMIT_LOC_STRINGS = NO;
				SWIFT_VERSION = 5.0;
				TARGETED_DEVICE_FAMILY = "1,2";
				TEST_HOST = "$(BUILT_PRODUCTS_DIR)/ToDoList2.app/$(BUNDLE_EXECUTABLE_FOLDER_PATH)/ToDoList2";
			};
			name = Release;
		};
		889BE78E2BD28AE900F5E49A /* Debug */ = {
			isa = XCBuildConfiguration;
			buildSettings = {
				ALWAYS_EMBED_SWIFT_STANDARD_LIBRARIES = YES;
				CODE_SIGN_STYLE = Automatic;
				CURRENT_PROJECT_VERSION = 1;
				GENERATE_INFOPLIST_FILE = YES;
				MARKETING_VERSION = 1.0;
				PRODUCT_BUNDLE_IDENTIFIER = iOS.ToDoList2UITests;
				PRODUCT_NAME = "$(TARGET_NAME)";
				SWIFT_EMIT_LOC_STRINGS = NO;
				SWIFT_VERSION = 5.0;
				TARGETED_DEVICE_FAMILY = "1,2";
				TEST_TARGET_NAME = ToDoList2;
			};
			name = Debug;
		};
		889BE78F2BD28AE900F5E49A /* Release */ = {
			isa = XCBuildConfiguration;
			buildSettings = {
				ALWAYS_EMBED_SWIFT_STANDARD_LIBRARIES = YES;
				CODE_SIGN_STYLE = Automatic;
				CURRENT_PROJECT_VERSION = 1;
				GENERATE_INFOPLIST_FILE = YES;
				MARKETING_VERSION = 1.0;
				PRODUCT_BUNDLE_IDENTIFIER = iOS.ToDoList2UITests;
				PRODUCT_NAME = "$(TARGET_NAME)";
				SWIFT_EMIT_LOC_STRINGS = NO;
				SWIFT_VERSION = 5.0;
				TARGETED_DEVICE_FAMILY = "1,2";
				TEST_TARGET_NAME = ToDoList2;
			};
			name = Release;
		};
/* End XCBuildConfiguration section */

/* Begin XCConfigurationList section */
		889BE75E2BD28AE700F5E49A /* Build configuration list for PBXProject "ToDoList2" */ = {
			isa = XCConfigurationList;
			buildConfigurations = (
				889BE7852BD28AE900F5E49A /* Debug */,
				889BE7862BD28AE900F5E49A /* Release */,
			);
			defaultConfigurationIsVisible = 0;
			defaultConfigurationName = Release;
		};
		889BE7872BD28AE900F5E49A /* Build configuration list for PBXNativeTarget "ToDoList2" */ = {
			isa = XCConfigurationList;
			buildConfigurations = (
				889BE7882BD28AE900F5E49A /* Debug */,
				889BE7892BD28AE900F5E49A /* Release */,
			);
			defaultConfigurationIsVisible = 0;
			defaultConfigurationName = Release;
		};
		889BE78A2BD28AE900F5E49A /* Build configuration list for PBXNativeTarget "ToDoList2Tests" */ = {
			isa = XCConfigurationList;
			buildConfigurations = (
				889BE78B2BD28AE900F5E49A /* Debug */,
				889BE78C2BD28AE900F5E49A /* Release */,
			);
			defaultConfigurationIsVisible = 0;
			defaultConfigurationName = Release;
		};
		889BE78D2BD28AE900F5E49A /* Build configuration list for PBXNativeTarget "ToDoList2UITests" */ = {
			isa = XCConfigurationList;
			buildConfigurations = (
				889BE78E2BD28AE900F5E49A /* Debug */,
				889BE78F2BD28AE900F5E49A /* Release */,
			);
			defaultConfigurationIsVisible = 0;
			defaultConfigurationName = Release;
		};
/* End XCConfigurationList section */

/* Begin XCVersionGroup section */
		889BE7C82BD28C9100F5E49A /* DataModel.xcdatamodeld */ = {
			isa = XCVersionGroup;
			children = (
				889BE7C92BD28C9100F5E49A /* DataModel.xcdatamodel */,
			);
			currentVersion = 889BE7C92BD28C9100F5E49A /* DataModel.xcdatamodel */;
			name = DataModel.xcdatamodeld;
			path = /Users/manal/Desktop/ToDoList2/ToDoList2/DataModel.xcdatamodeld;
			sourceTree = "<group>";
			versionGroupType = wrapper.xcdatamodel;
		};
/* End XCVersionGroup section */
	};
	rootObject = 889BE75B2BD28AE700F5E49A /* Project object */;
}
